
Microsoft Visual Studio Solution File, Format Version 12.00
# Visual Studio Version 17
VisualStudioVersion = 17.2.32516.85
MinimumVisualStudioVersion = 10.0.40219.1
Project("{FAE04EC0-301F-11D3-BF4B-00C04F79EFBC}") = "Kalkulator", "Kalkulator\Kalkulator.csproj", "{3CBE5F22-96D5-4388-B410-76675A735F87}"
EndProject
Global
	GlobalSection(SolutionConfigurationPlatforms) = preSolution
		Debug|Any CPU = Debug|Any CPU
		Release|Any CPU = Release|Any CPU
	EndGlobalSection
	GlobalSection(ProjectConfigurationPlatforms) = postSolution
		{3CBE5F22-96D5-4388-B410-76675A735F87}.Debug|Any CPU.ActiveCfg = Debug|Any CPU
		{3CBE5F22-96D5-4388-B410-76675A735F87}.Debug|Any CPU.Build.0 = Debug|Any CPU
		{3CBE5F22-96D5-4388-B410-76675A735F87}.Release|Any CPU.ActiveCfg = Release|Any CPU
		{3CBE5F22-96D5-4388-B410-76675A735F87}.Release|Any CPU.Build.0 = Release|Any CPU
	EndGlobalSection
	GlobalSection(SolutionProperties) = preSolution
		HideSolutionNode = FALSE
	EndGlobalSection
	GlobalSection(ExtensibilityGlobals) = postSolution
		SolutionGuid = {2FC63AEF-391D-4725-BFB6-51C7FF753A01}
	EndGlobalSection
EndGlobal
